// !$*UTF8*$!
{
	archiveVersion = 1;
	classes = {
	};
	objectVersion = 56;
	objects = {

/* Begin PBXBuildFile section */
		9D326E9B291A446B001082F6 /* TableViewViewController.swift in Sources */ = {isa = PBXBuildFile; fileRef = 9D326E9A291A446B001082F6 /* TableViewViewController.swift */; };
		9D326E9D291A4602001082F6 /* Sabitler.swift in Sources */ = {isa = PBXBuildFile; fileRef = 9D326E9C291A4602001082F6 /* Sabitler.swift */; };
		9D398FFF292E3BDA008C7DB0 /* FirebaseMessaging in Frameworks */ = {isa = PBXBuildFile; productRef = 9D398FFE292E3BDA008C7DB0 /* FirebaseMessaging */; };
		9DADD90C2919026E00FDD353 /* AppDelegate.swift in Sources */ = {isa = PBXBuildFile; fileRef = 9DADD90B2919026E00FDD353 /* AppDelegate.swift */; };
		9DADD90E2919026E00FDD353 /* SceneDelegate.swift in Sources */ = {isa = PBXBuildFile; fileRef = 9DADD90D2919026E00FDD353 /* SceneDelegate.swift */; };
		9DADD9102919026E00FDD353 /* ViewController.swift in Sources */ = {isa = PBXBuildFile; fileRef = 9DADD90F2919026E00FDD353 /* ViewController.swift */; };
		9DADD9132919026E00FDD353 /* Main.storyboard in Resources */ = {isa = PBXBuildFile; fileRef = 9DADD9112919026E00FDD353 /* Main.storyboard */; };
		9DADD9152919026F00FDD353 /* Assets.xcassets in Resources */ = {isa = PBXBuildFile; fileRef = 9DADD9142919026F00FDD353 /* Assets.xcassets */; };
		9DADD9182919026F00FDD353 /* LaunchScreen.storyboard in Resources */ = {isa = PBXBuildFile; fileRef = 9DADD9162919026F00FDD353 /* LaunchScreen.storyboard */; };
		9DADD9232919026F00FDD353 /* NaNoChatTests.swift in Sources */ = {isa = PBXBuildFile; fileRef = 9DADD9222919026F00FDD353 /* NaNoChatTests.swift */; };
		9DADD92D2919026F00FDD353 /* NaNoChatUITests.swift in Sources */ = {isa = PBXBuildFile; fileRef = 9DADD92C2919026F00FDD353 /* NaNoChatUITests.swift */; };
		9DADD92F2919026F00FDD353 /* NaNoChatUITestsLaunchTests.swift in Sources */ = {isa = PBXBuildFile; fileRef = 9DADD92E2919026F00FDD353 /* NaNoChatUITestsLaunchTests.swift */; };
		9DADD93F2919037100FDD353 /* FirebaseAnalytics in Frameworks */ = {isa = PBXBuildFile; productRef = 9DADD93E2919037100FDD353 /* FirebaseAnalytics */; };
		9DADD9412919037100FDD353 /* FirebaseAuth in Frameworks */ = {isa = PBXBuildFile; productRef = 9DADD9402919037100FDD353 /* FirebaseAuth */; };
		9DADD9432919037100FDD353 /* FirebaseFirestore in Frameworks */ = {isa = PBXBuildFile; productRef = 9DADD9422919037100FDD353 /* FirebaseFirestore */; };
		9DADD949291904A000FDD353 /* ChatViewController.swift in Sources */ = {isa = PBXBuildFile; fileRef = 9DADD948291904A000FDD353 /* ChatViewController.swift */; };
		9DADD94B291904B000FDD353 /* RegisterViewController.swift in Sources */ = {isa = PBXBuildFile; fileRef = 9DADD94A291904B000FDD353 /* RegisterViewController.swift */; };
		9DADD94D291904BB00FDD353 /* LoginViewController.swift in Sources */ = {isa = PBXBuildFile; fileRef = 9DADD94C291904BB00FDD353 /* LoginViewController.swift */; };
		9DC2D6F5291B8C0300F3EB18 /* GoogleService-Info.plist in Resources */ = {isa = PBXBuildFile; fileRef = 9DC2D6F4291B8C0300F3EB18 /* GoogleService-Info.plist */; };
		9DC2D6F7291B932100F3EB18 /* Message.swift in Sources */ = {isa = PBXBuildFile; fileRef = 9DC2D6F6291B932100F3EB18 /* Message.swift */; };
		9DC2D702291D69F900F3EB18 /* MessageCell.swift in Sources */ = {isa = PBXBuildFile; fileRef = 9DC2D700291D69F900F3EB18 /* MessageCell.swift */; };
		9DC2D703291D69F900F3EB18 /* MessageCell.xib in Resources */ = {isa = PBXBuildFile; fileRef = 9DC2D701291D69F900F3EB18 /* MessageCell.xib */; };
/* End PBXBuildFile section */

/* Begin PBXContainerItemProxy section */
		9DADD91F2919026F00FDD353 /* PBXContainerItemProxy */ = {
			isa = PBXContainerItemProxy;
			containerPortal = 9DADD9002919026E00FDD353 /* Project object */;
			proxyType = 1;
			remoteGlobalIDString = 9DADD9072919026E00FDD353;
			remoteInfo = NaNoChat;
		};
		9DADD9292919026F00FDD353 /* PBXContainerItemProxy */ = {
			isa = PBXContainerItemProxy;
			containerPortal = 9DADD9002919026E00FDD353 /* Project object */;
			proxyType = 1;
			remoteGlobalIDString = 9DADD9072919026E00FDD353;
			remoteInfo = NaNoChat;
		};
/* End PBXContainerItemProxy section */

/* Begin PBXFileReference section */
		9D326E9A291A446B001082F6 /* TableViewViewController.swift */ = {isa = PBXFileReference; lastKnownFileType = sourcecode.swift; path = TableViewViewController.swift; sourceTree = "<group>"; };
		9D326E9C291A4602001082F6 /* Sabitler.swift */ = {isa = PBXFileReference; lastKnownFileType = sourcecode.swift; path = Sabitler.swift; sourceTree = "<group>"; };
		9DADD9082919026E00FDD353 /* NaNoChat.app */ = {isa = PBXFileReference; explicitFileType = wrapper.application; includeInIndex = 0; path = NaNoChat.app; sourceTree = BUILT_PRODUCTS_DIR; };
		9DADD90B2919026E00FDD353 /* AppDelegate.swift */ = {isa = PBXFileReference; lastKnownFileType = sourcecode.swift; path = AppDelegate.swift; sourceTree = "<group>"; };
		9DADD90D2919026E00FDD353 /* SceneDelegate.swift */ = {isa = PBXFileReference; lastKnownFileType = sourcecode.swift; path = SceneDelegate.swift; sourceTree = "<group>"; };
		9DADD90F2919026E00FDD353 /* ViewController.swift */ = {isa = PBXFileReference; lastKnownFileType = sourcecode.swift; path = ViewController.swift; sourceTree = "<group>"; };
		9DADD9122919026E00FDD353 /* Base */ = {isa = PBXFileReference; lastKnownFileType = file.storyboard; name = Base; path = Base.lproj/Main.storyboard; sourceTree = "<group>"; };
		9DADD9142919026F00FDD353 /* Assets.xcassets */ = {isa = PBXFileReference; lastKnownFileType = folder.assetcatalog; path = Assets.xcassets; sourceTree = "<group>"; };
		9DADD9172919026F00FDD353 /* Base */ = {isa = PBXFileReference; lastKnownFileType = file.storyboard; name = Base; path = Base.lproj/LaunchScreen.storyboard; sourceTree = "<group>"; };
		9DADD9192919026F00FDD353 /* Info.plist */ = {isa = PBXFileReference; lastKnownFileType = text.plist.xml; path = Info.plist; sourceTree = "<group>"; };
		9DADD91E2919026F00FDD353 /* NaNoChatTests.xctest */ = {isa = PBXFileReference; explicitFileType = wrapper.cfbundle; includeInIndex = 0; path = NaNoChatTests.xctest; sourceTree = BUILT_PRODUCTS_DIR; };
		9DADD9222919026F00FDD353 /* NaNoChatTests.swift */ = {isa = PBXFileReference; lastKnownFileType = sourcecode.swift; path = NaNoChatTests.swift; sourceTree = "<group>"; };
		9DADD9282919026F00FDD353 /* NaNoChatUITests.xctest */ = {isa = PBXFileReference; explicitFileType = wrapper.cfbundle; includeInIndex = 0; path = NaNoChatUITests.xctest; sourceTree = BUILT_PRODUCTS_DIR; };
		9DADD92C2919026F00FDD353 /* NaNoChatUITests.swift */ = {isa = PBXFileReference; lastKnownFileType = sourcecode.swift; path = NaNoChatUITests.swift; sourceTree = "<group>"; };
		9DADD92E2919026F00FDD353 /* NaNoChatUITestsLaunchTests.swift */ = {isa = PBXFileReference; lastKnownFileType = sourcecode.swift; path = NaNoChatUITestsLaunchTests.swift; sourceTree = "<group>"; };
		9DADD948291904A000FDD353 /* ChatViewController.swift */ = {isa = PBXFileReference; lastKnownFileType = sourcecode.swift; path = ChatViewController.swift; sourceTree = "<group>"; };
		9DADD94A291904B000FDD353 /* RegisterViewController.swift */ = {isa = PBXFileReference; lastKnownFileType = sourcecode.swift; path = RegisterViewController.swift; sourceTree = "<group>"; };
		9DADD94C291904BB00FDD353 /* LoginViewController.swift */ = {isa = PBXFileReference; lastKnownFileType = sourcecode.swift; path = LoginViewController.swift; sourceTree = "<group>"; };
		9DC2D6F4291B8C0300F3EB18 /* GoogleService-Info.plist */ = {isa = PBXFileReference; fileEncoding = 4; lastKnownFileType = text.plist.xml; path = "GoogleService-Info.plist"; sourceTree = "<group>"; };
		9DC2D6F6291B932100F3EB18 /* Message.swift */ = {isa = PBXFileReference; lastKnownFileType = sourcecode.swift; path = Message.swift; sourceTree = "<group>"; };
		9DC2D700291D69F900F3EB18 /* MessageCell.swift */ = {isa = PBXFileReference; lastKnownFileType = sourcecode.swift; path = MessageCell.swift; sourceTree = "<group>"; };
		9DC2D701291D69F900F3EB18 /* MessageCell.xib */ = {isa = PBXFileReference; lastKnownFileType = file.xib; path = MessageCell.xib; sourceTree = "<group>"; };
/* End PBXFileReference section */

/* Begin PBXFrameworksBuildPhase section */
		9DADD9052919026E00FDD353 /* Frameworks */ = {
			isa = PBXFrameworksBuildPhase;
			buildActionMask = 2147483647;
			files = (
				9D398FFF292E3BDA008C7DB0 /* FirebaseMessaging in Frameworks */,
				9DADD93F2919037100FDD353 /* FirebaseAnalytics in Frameworks */,
				9DADD9412919037100FDD353 /* FirebaseAuth in Frameworks */,
				9DADD9432919037100FDD353 /* FirebaseFirestore in Frameworks */,
			);
			runOnlyForDeploymentPostprocessing = 0;
		};
		9DADD91B2919026F00FDD353 /* Frameworks */ = {
			isa = PBXFrameworksBuildPhase;
			buildActionMask = 2147483647;
			files = (
			);
			runOnlyForDeploymentPostprocessing = 0;
		};
		9DADD9252919026F00FDD353 /* Frameworks */ = {
			isa = PBXFrameworksBuildPhase;
			buildActionMask = 2147483647;
			files = (
			);
			runOnlyForDeploymentPostprocessing = 0;
		};
/* End PBXFrameworksBuildPhase section */

/* Begin PBXGroup section */
		9D398FFD292E3BDA008C7DB0 /* Frameworks */ = {
			isa = PBXGroup;
			children = (
			);
			name = Frameworks;
			sourceTree = "<group>";
		};
		9DADD8FF2919026E00FDD353 = {
			isa = PBXGroup;
			children = (
				9DADD90A2919026E00FDD353 /* NaNoChat */,
				9DADD9212919026F00FDD353 /* NaNoChatTests */,
				9DADD92B2919026F00FDD353 /* NaNoChatUITests */,
				9DADD9092919026E00FDD353 /* Products */,
				9D398FFD292E3BDA008C7DB0 /* Frameworks */,
			);
			sourceTree = "<group>";
		};
		9DADD9092919026E00FDD353 /* Products */ = {
			isa = PBXGroup;
			children = (
				9DADD9082919026E00FDD353 /* NaNoChat.app */,
				9DADD91E2919026F00FDD353 /* NaNoChatTests.xctest */,
				9DADD9282919026F00FDD353 /* NaNoChatUITests.xctest */,
			);
			name = Products;
			sourceTree = "<group>";
		};
		9DADD90A2919026E00FDD353 /* NaNoChat */ = {
			isa = PBXGroup;
			children = (
				9DADD90B2919026E00FDD353 /* AppDelegate.swift */,
				9DADD90D2919026E00FDD353 /* SceneDelegate.swift */,
				9DADD94E291904E900FDD353 /* Model */,
				9DADD944291903E900FDD353 /* Views */,
				9DADD9452919040900FDD353 /* Controller */,
				9DADD9142919026F00FDD353 /* Assets.xcassets */,
				9DADD9162919026F00FDD353 /* LaunchScreen.storyboard */,
				9DADD9192919026F00FDD353 /* Info.plist */,
				9DC2D6F4291B8C0300F3EB18 /* GoogleService-Info.plist */,
				9D326E9C291A4602001082F6 /* Sabitler.swift */,
			);
			path = NaNoChat;
			sourceTree = "<group>";
		};
		9DADD9212919026F00FDD353 /* NaNoChatTests */ = {
			isa = PBXGroup;
			children = (
				9DADD9222919026F00FDD353 /* NaNoChatTests.swift */,
			);
			path = NaNoChatTests;
			sourceTree = "<group>";
		};
		9DADD92B2919026F00FDD353 /* NaNoChatUITests */ = {
			isa = PBXGroup;
			children = (
				9DADD92C2919026F00FDD353 /* NaNoChatUITests.swift */,
				9DADD92E2919026F00FDD353 /* NaNoChatUITestsLaunchTests.swift */,
			);
			path = NaNoChatUITests;
			sourceTree = "<group>";
		};
		9DADD944291903E900FDD353 /* Views */ = {
			isa = PBXGroup;
			children = (
				9DADD9112919026E00FDD353 /* Main.storyboard */,
				9DC2D700291D69F900F3EB18 /* MessageCell.swift */,
				9DC2D701291D69F900F3EB18 /* MessageCell.xib */,
			);
			path = Views;
			sourceTree = "<group>";
		};
		9DADD9452919040900FDD353 /* Controller */ = {
			isa = PBXGroup;
			children = (
				9DADD90F2919026E00FDD353 /* ViewController.swift */,
				9DADD94A291904B000FDD353 /* RegisterViewController.swift */,
				9DADD94C291904BB00FDD353 /* LoginViewController.swift */,
				9DADD948291904A000FDD353 /* ChatViewController.swift */,
				9D326E9A291A446B001082F6 /* TableViewViewController.swift */,
			);
			path = Controller;
			sourceTree = "<group>";
		};
		9DADD94E291904E900FDD353 /* Model */ = {
			isa = PBXGroup;
			children = (
				9DC2D6F6291B932100F3EB18 /* Message.swift */,
			);
			path = Model;
			sourceTree = "<group>";
		};
/* End PBXGroup section */

/* Begin PBXNativeTarget section */
		9DADD9072919026E00FDD353 /* NaNoChat */ = {
			isa = PBXNativeTarget;
			buildConfigurationList = 9DADD9322919026F00FDD353 /* Build configuration list for PBXNativeTarget "NaNoChat" */;
			buildPhases = (
				9DADD9042919026E00FDD353 /* Sources */,
				9DADD9052919026E00FDD353 /* Frameworks */,
				9DADD9062919026E00FDD353 /* Resources */,
			);
			buildRules = (
			);
			dependencies = (
			);
			name = NaNoChat;
			packageProductDependencies = (
				9DADD93E2919037100FDD353 /* FirebaseAnalytics */,
				9DADD9402919037100FDD353 /* FirebaseAuth */,
				9DADD9422919037100FDD353 /* FirebaseFirestore */,
				9D398FFE292E3BDA008C7DB0 /* FirebaseMessaging */,
			);
			productName = NaNoChat;
			productReference = 9DADD9082919026E00FDD353 /* NaNoChat.app */;
			productType = "com.apple.product-type.application";
		};
		9DADD91D2919026F00FDD353 /* NaNoChatTests */ = {
			isa = PBXNativeTarget;
			buildConfigurationList = 9DADD9352919026F00FDD353 /* Build configuration list for PBXNativeTarget "NaNoChatTests" */;
			buildPhases = (
				9DADD91A2919026F00FDD353 /* Sources */,
				9DADD91B2919026F00FDD353 /* Frameworks */,
				9DADD91C2919026F00FDD353 /* Resources */,
			);
			buildRules = (
			);
			dependencies = (
				9DADD9202919026F00FDD353 /* PBXTargetDependency */,
			);
			name = NaNoChatTests;
			productName = NaNoChatTests;
			productReference = 9DADD91E2919026F00FDD353 /* NaNoChatTests.xctest */;
			productType = "com.apple.product-type.bundle.unit-test";
		};
		9DADD9272919026F00FDD353 /* NaNoChatUITests */ = {
			isa = PBXNativeTarget;
			buildConfigurationList = 9DADD9382919026F00FDD353 /* Build configuration list for PBXNativeTarget "NaNoChatUITests" */;
			buildPhases = (
				9DADD9242919026F00FDD353 /* Sources */,
				9DADD9252919026F00FDD353 /* Frameworks */,
				9DADD9262919026F00FDD353 /* Resources */,
			);
			buildRules = (
			);
			dependencies = (
				9DADD92A2919026F00FDD353 /* PBXTargetDependency */,
			);
			name = NaNoChatUITests;
			productName = NaNoChatUITests;
			productReference = 9DADD9282919026F00FDD353 /* NaNoChatUITests.xctest */;
			productType = "com.apple.product-type.bundle.ui-testing";
		};
/* End PBXNativeTarget section */

/* Begin PBXProject section */
		9DADD9002919026E00FDD353 /* Project object */ = {
			isa = PBXProject;
			attributes = {
				BuildIndependentTargetsInParallel = 1;
				LastSwiftUpdateCheck = 1410;
				LastUpgradeCheck = 1410;
				TargetAttributes = {
					9DADD9072919026E00FDD353 = {
						CreatedOnToolsVersion = 14.1;
					};
					9DADD91D2919026F00FDD353 = {
						CreatedOnToolsVersion = 14.1;
						TestTargetID = 9DADD9072919026E00FDD353;
					};
					9DADD9272919026F00FDD353 = {
						CreatedOnToolsVersion = 14.1;
						TestTargetID = 9DADD9072919026E00FDD353;
					};
				};
			};
			buildConfigurationList = 9DADD9032919026E00FDD353 /* Build configuration list for PBXProject "NaNoChat" */;
			compatibilityVersion = "Xcode 14.0";
			developmentRegion = en;
			hasScannedForEncodings = 0;
			knownRegions = (
				en,
				Base,
			);
			mainGroup = 9DADD8FF2919026E00FDD353;
			packageReferences = (
				9DADD93D2919037000FDD353 /* XCRemoteSwiftPackageReference "firebase-ios-sdk" */,
			);
			productRefGroup = 9DADD9092919026E00FDD353 /* Products */;
			projectDirPath = "";
			projectRoot = "";
			targets = (
				9DADD9072919026E00FDD353 /* NaNoChat */,
				9DADD91D2919026F00FDD353 /* NaNoChatTests */,
				9DADD9272919026F00FDD353 /* NaNoChatUITests */,
			);
		};
/* End PBXProject section */

/* Begin PBXResourcesBuildPhase section */
		9DADD9062919026E00FDD353 /* Resources */ = {
			isa = PBXResourcesBuildPhase;
			buildActionMask = 2147483647;
			files = (
				9DC2D703291D69F900F3EB18 /* MessageCell.xib in Resources */,
				9DADD9182919026F00FDD353 /* LaunchScreen.storyboard in Resources */,
				9DC2D6F5291B8C0300F3EB18 /* GoogleService-Info.plist in Resources */,
				9DADD9152919026F00FDD353 /* Assets.xcassets in Resources */,
				9DADD9132919026E00FDD353 /* Main.storyboard in Resources */,
			);
			runOnlyForDeploymentPostprocessing = 0;
		};
		9DADD91C2919026F00FDD353 /* Resources */ = {
			isa = PBXResourcesBuildPhase;
			buildActionMask = 2147483647;
			files = (
			);
			runOnlyForDeploymentPostprocessing = 0;
		};
		9DADD9262919026F00FDD353 /* Resources */ = {
			isa = PBXResourcesBuildPhase;
			buildActionMask = 2147483647;
			files = (
			);
			runOnlyForDeploymentPostprocessing = 0;
		};
/* End PBXResourcesBuildPhase section */

/* Begin PBXSourcesBuildPhase section */
		9DADD9042919026E00FDD353 /* Sources */ = {
			isa = PBXSourcesBuildPhase;
			buildActionMask = 2147483647;
			files = (
				9DADD94D291904BB00FDD353 /* LoginViewController.swift in Sources */,
				9DC2D702291D69F900F3EB18 /* MessageCell.swift in Sources */,
				9DADD9102919026E00FDD353 /* ViewController.swift in Sources */,
				9DADD94B291904B000FDD353 /* RegisterViewController.swift in Sources */,
				9DC2D6F7291B932100F3EB18 /* Message.swift in Sources */,
				9DADD90C2919026E00FDD353 /* AppDelegate.swift in Sources */,
				9DADD949291904A000FDD353 /* ChatViewController.swift in Sources */,
				9DADD90E2919026E00FDD353 /* SceneDelegate.swift in Sources */,
				9D326E9B291A446B001082F6 /* TableViewViewController.swift in Sources */,
				9D326E9D291A4602001082F6 /* Sabitler.swift in Sources */,
			);
			runOnlyForDeploymentPostprocessing = 0;
		};
		9DADD91A2919026F00FDD353 /* Sources */ = {
			isa = PBXSourcesBuildPhase;
			buildActionMask = 2147483647;
			files = (
				9DADD9232919026F00FDD353 /* NaNoChatTests.swift in Sources */,
			);
			runOnlyForDeploymentPostprocessing = 0;
		};
		9DADD9242919026F00FDD353 /* Sources */ = {
			isa = PBXSourcesBuildPhase;
			buildActionMask = 2147483647;
			files = (
				9DADD92F2919026F00FDD353 /* NaNoChatUITestsLaunchTests.swift in Sources */,
				9DADD92D2919026F00FDD353 /* NaNoChatUITests.swift in Sources */,
			);
			runOnlyForDeploymentPostprocessing = 0;
		};
/* End PBXSourcesBuildPhase section */

/* Begin PBXTargetDependency section */
		9DADD9202919026F00FDD353 /* PBXTargetDependency */ = {
			isa = PBXTargetDependency;
			target = 9DADD9072919026E00FDD353 /* NaNoChat */;
			targetProxy = 9DADD91F2919026F00FDD353 /* PBXContainerItemProxy */;
		};
		9DADD92A2919026F00FDD353 /* PBXTargetDependency */ = {
			isa = PBXTargetDependency;
			target = 9DADD9072919026E00FDD353 /* NaNoChat */;
			targetProxy = 9DADD9292919026F00FDD353 /* PBXContainerItemProxy */;
		};
/* End PBXTargetDependency section */

/* Begin PBXVariantGroup section */
		9DADD9112919026E00FDD353 /* Main.storyboard */ = {
			isa = PBXVariantGroup;
			children = (
				9DADD9122919026E00FDD353 /* Base */,
			);
			name = Main.storyboard;
			sourceTree = "<group>";
		};
		9DADD9162919026F00FDD353 /* LaunchScreen.storyboard */ = {
			isa = PBXVariantGroup;
			children = (
				9DADD9172919026F00FDD353 /* Base */,
			);
			name = LaunchScreen.storyboard;
			sourceTree = "<group>";
		};
/* End PBXVariantGroup section */

/* Begin XCBuildConfiguration section */
		9DADD9302919026F00FDD353 /* Debug */ = {
			isa = XCBuildConfiguration;
			buildSettings = {
				ALWAYS_SEARCH_USER_PATHS = NO;
				CLANG_ANALYZER_NONNULL = YES;
				CLANG_ANALYZER_NUMBER_OBJECT_CONVERSION = YES_AGGRESSIVE;
				CLANG_CXX_LANGUAGE_STANDARD = "gnu++20";
				CLANG_ENABLE_MODULES = YES;
				CLANG_ENABLE_OBJC_ARC = YES;
				CLANG_ENABLE_OBJC_WEAK = YES;
				CLANG_WARN_BLOCK_CAPTURE_AUTORELEASING = YES;
				CLANG_WARN_BOOL_CONVERSION = YES;
				CLANG_WARN_COMMA = YES;
				CLANG_WARN_CONSTANT_CONVERSION = YES;
				CLANG_WARN_DEPRECATED_OBJC_IMPLEMENTATIONS = YES;
				CLANG_WARN_DIRECT_OBJC_ISA_USAGE = YES_ERROR;
				CLANG_WARN_DOCUMENTATION_COMMENTS = YES;
				CLANG_WARN_EMPTY_BODY = YES;
				CLANG_WARN_ENUM_CONVERSION = YES;
				CLANG_WARN_INFINITE_RECURSION = YES;
				CLANG_WARN_INT_CONVERSION = YES;
				CLANG_WARN_NON_LITERAL_NULL_CONVERSION = YES;
				CLANG_WARN_OBJC_IMPLICIT_RETAIN_SELF = YES;
				CLANG_WARN_OBJC_LITERAL_CONVERSION = YES;
				CLANG_WARN_OBJC_ROOT_CLASS = YES_ERROR;
				CLANG_WARN_QUOTED_INCLUDE_IN_FRAMEWORK_HEADER = YES;
				CLANG_WARN_RANGE_LOOP_ANALYSIS = YES;
				CLANG_WARN_STRICT_PROTOTYPES = YES;
				CLANG_WARN_SUSPICIOUS_MOVE = YES;
				CLANG_WARN_UNGUARDED_AVAILABILITY = YES_AGGRESSIVE;
				CLANG_WARN_UNREACHABLE_CODE = YES;
				CLANG_WARN__DUPLICATE_METHOD_MATCH = YES;
				COPY_PHASE_STRIP = NO;
				DEBUG_INFORMATION_FORMAT = dwarf;
				ENABLE_STRICT_OBJC_MSGSEND = YES;
				ENABLE_TESTABILITY = YES;
				GCC_C_LANGUAGE_STANDARD = gnu11;
				GCC_DYNAMIC_NO_PIC = NO;
				GCC_NO_COMMON_BLOCKS = YES;
				GCC_OPTIMIZATION_LEVEL = 0;
				GCC_PREPROCESSOR_DEFINITIONS = (
					"DEBUG=1",
					"$(inherited)",
				);
				GCC_WARN_64_TO_32_BIT_CONVERSION = YES;
				GCC_WARN_ABOUT_RETURN_TYPE = YES_ERROR;
				GCC_WARN_UNDECLARED_SELECTOR = YES;
				GCC_WARN_UNINITIALIZED_AUTOS = YES_AGGRESSIVE;
				GCC_WARN_UNUSED_FUNCTION = YES;
				GCC_WARN_UNUSED_VARIABLE = YES;
				IPHONEOS_DEPLOYMENT_TARGET = 16.1;
				MTL_ENABLE_DEBUG_INFO = INCLUDE_SOURCE;
				MTL_FAST_MATH = YES;
				ONLY_ACTIVE_ARCH = YES;
				SDKROOT = iphoneos;
				SWIFT_ACTIVE_COMPILATION_CONDITIONS = DEBUG;
				SWIFT_OPTIMIZATION_LEVEL = "-Onone";
			};
			name = Debug;
		};
		9DADD9312919026F00FDD353 /* Release */ = {
			isa = XCBuildConfiguration;
			buildSettings = {
				ALWAYS_SEARCH_USER_PATHS = NO;
				CLANG_ANALYZER_NONNULL = YES;
				CLANG_ANALYZER_NUMBER_OBJECT_CONVERSION = YES_AGGRESSIVE;
				CLANG_CXX_LANGUAGE_STANDARD = "gnu++20";
				CLANG_ENABLE_MODULES = YES;
				CLANG_ENABLE_OBJC_ARC = YES;
				CLANG_ENABLE_OBJC_WEAK = YES;
				CLANG_WARN_BLOCK_CAPTURE_AUTORELEASING = YES;
				CLANG_WARN_BOOL_CONVERSION = YES;
				CLANG_WARN_COMMA = YES;
				CLANG_WARN_CONSTANT_CONVERSION = YES;
				CLANG_WARN_DEPRECATED_OBJC_IMPLEMENTATIONS = YES;
				CLANG_WARN_DIRECT_OBJC_ISA_USAGE = YES_ERROR;
				CLANG_WARN_DOCUMENTATION_COMMENTS = YES;
				CLANG_WARN_EMPTY_BODY = YES;
				CLANG_WARN_ENUM_CONVERSION = YES;
				CLANG_WARN_INFINITE_RECURSION = YES;
				CLANG_WARN_INT_CONVERSION = YES;
				CLANG_WARN_NON_LITERAL_NULL_CONVERSION = YES;
				CLANG_WARN_OBJC_IMPLICIT_RETAIN_SELF = YES;
				CLANG_WARN_OBJC_LITERAL_CONVERSION = YES;
				CLANG_WARN_OBJC_ROOT_CLASS = YES_ERROR;
				CLANG_WARN_QUOTED_INCLUDE_IN_FRAMEWORK_HEADER = YES;
				CLANG_WARN_RANGE_LOOP_ANALYSIS = YES;
				CLANG_WARN_STRICT_PROTOTYPES = YES;
				CLANG_WARN_SUSPICIOUS_MOVE = YES;
				CLANG_WARN_UNGUARDED_AVAILABILITY = YES_AGGRESSIVE;
				CLANG_WARN_UNREACHABLE_CODE = YES;
				CLANG_WARN__DUPLICATE_METHOD_MATCH = YES;
				COPY_PHASE_STRIP = NO;
				DEBUG_INFORMATION_FORMAT = "dwarf-with-dsym";
				ENABLE_NS_ASSERTIONS = NO;
				ENABLE_STRICT_OBJC_MSGSEND = YES;
				GCC_C_LANGUAGE_STANDARD = gnu11;
				GCC_NO_COMMON_BLOCKS = YES;
				GCC_WARN_64_TO_32_BIT_CONVERSION = YES;
				GCC_WARN_ABOUT_RETURN_TYPE = YES_ERROR;
				GCC_WARN_UNDECLARED_SELECTOR = YES;
				GCC_WARN_UNINITIALIZED_AUTOS = YES_AGGRESSIVE;
				GCC_WARN_UNUSED_FUNCTION = YES;
				GCC_WARN_UNUSED_VARIABLE = YES;
				IPHONEOS_DEPLOYMENT_TARGET = 16.1;
				MTL_ENABLE_DEBUG_INFO = NO;
				MTL_FAST_MATH = YES;
				SDKROOT = iphoneos;
				SWIFT_COMPILATION_MODE = wholemodule;
				SWIFT_OPTIMIZATION_LEVEL = "-O";
				VALIDATE_PRODUCT = YES;
			};
			name = Release;
		};
		9DADD9332919026F00FDD353 /* Debug */ = {
			isa = XCBuildConfiguration;
			buildSettings = {
				ASSETCATALOG_COMPILER_APPICON_NAME = AppIcon;
				ASSETCATALOG_COMPILER_GLOBAL_ACCENT_COLOR_NAME = AccentColor;
				CODE_SIGN_STYLE = Automatic;
				CURRENT_PROJECT_VERSION = 1;
				DEVELOPMENT_TEAM = 6TVQSAB3DR;
				GENERATE_INFOPLIST_FILE = YES;
				INFOPLIST_FILE = NaNoChat/Info.plist;
				INFOPLIST_KEY_UIApplicationSupportsIndirectInputEvents = YES;
				INFOPLIST_KEY_UILaunchStoryboardName = LaunchScreen;
				INFOPLIST_KEY_UIMainStoryboardFile = Main;
				INFOPLIST_KEY_UIRequiresFullScreen = YES;
				INFOPLIST_KEY_UIStatusBarStyle = UIStatusBarStyleLightContent;
				INFOPLIST_KEY_UISupportedInterfaceOrientations = UIInterfaceOrientationPortrait;
				IPHONEOS_DEPLOYMENT_TARGET = 15.6;
				LD_RUNPATH_SEARCH_PATHS = (
					"$(inherited)",
					"@executable_path/Frameworks",
				);
				MARKETING_VERSION = 1.0;
				PRODUCT_BUNDLE_IDENTIFIER = com.secret.NaNoChat;
				PRODUCT_NAME = "$(TARGET_NAME)";
				SUPPORTED_PLATFORMS = "iphoneos iphonesimulator";
				SUPPORTS_MACCATALYST = NO;
				SUPPORTS_MAC_DESIGNED_FOR_IPHONE_IPAD = NO;
				SWIFT_EMIT_LOC_STRINGS = YES;
				SWIFT_VERSION = 5.0;
				TARGETED_DEVICE_FAMILY = "1,2";
			};
			name = Debug;
		};
		9DADD9342919026F00FDD353 /* Release */ = {
			isa = XCBuildConfiguration;
			buildSettings = {
				ASSETCATALOG_COMPILER_APPICON_NAME = AppIcon;
				ASSETCATALOG_COMPILER_GLOBAL_ACCENT_COLOR_NAME = AccentColor;
				CODE_SIGN_STYLE = Automatic;
				CURRENT_PROJECT_VERSION = 1;
				DEVELOPMENT_TEAM = 6TVQSAB3DR;
				GENERATE_INFOPLIST_FILE = YES;
				INFOPLIST_FILE = NaNoChat/Info.plist;
				INFOPLIST_KEY_UIApplicationSupportsIndirectInputEvents = YES;
				INFOPLIST_KEY_UILaunchStoryboardName = LaunchScreen;
				INFOPLIST_KEY_UIMainStoryboardFile = Main;
				INFOPLIST_KEY_UIRequiresFullScreen = YES;
				INFOPLIST_KEY_UIStatusBarStyle = UIStatusBarStyleLightContent;
				INFOPLIST_KEY_UISupportedInterfaceOrientations = UIInterfaceOrientationPortrait;
				IPHONEOS_DEPLOYMENT_TARGET = 15.6;
				LD_RUNPATH_SEARCH_PATHS = (
					"$(inherited)",
					"@executable_path/Frameworks",
				);
				MARKETING_VERSION = 1.0;
				PRODUCT_BUNDLE_IDENTIFIER = com.secret.NaNoChat;
				PRODUCT_NAME = "$(TARGET_NAME)";
				SUPPORTED_PLATFORMS = "iphoneos iphonesimulator";
				SUPPORTS_MACCATALYST = NO;
				SUPPORTS_MAC_DESIGNED_FOR_IPHONE_IPAD = NO;
				SWIFT_EMIT_LOC_STRINGS = YES;
				SWIFT_VERSION = 5.0;
				TARGETED_DEVICE_FAMILY = "1,2";
			};
			name = Release;
		};
		9DADD9362919026F00FDD353 /* Debug */ = {
			isa = XCBuildConfiguration;
			buildSettings = {
				ALWAYS_EMBED_SWIFT_STANDARD_LIBRARIES = YES;
				BUNDLE_LOADER = "$(TEST_HOST)";
				CODE_SIGN_STYLE = Automatic;
				CURRENT_PROJECT_VERSION = 1;
				DEVELOPMENT_TEAM = 6TVQSAB3DR;
				GENERATE_INFOPLIST_FILE = YES;
				IPHONEOS_DEPLOYMENT_TARGET = 16.1;
				MARKETING_VERSION = 1.0;
				PRODUCT_BUNDLE_IDENTIFIER = com.secret.NaNoChatTests;
				PRODUCT_NAME = "$(TARGET_NAME)";
				SWIFT_EMIT_LOC_STRINGS = NO;
				SWIFT_VERSION = 5.0;
				TARGETED_DEVICE_FAMILY = "1,2";
				TEST_HOST = "$(BUILT_PRODUCTS_DIR)/NaNoChat.app/$(BUNDLE_EXECUTABLE_FOLDER_PATH)/NaNoChat";
			};
			name = Debug;
		};
		9DADD9372919026F00FDD353 /* Release */ = {
			isa = XCBuildConfiguration;
			buildSettings = {
				ALWAYS_EMBED_SWIFT_STANDARD_LIBRARIES = YES;
				BUNDLE_LOADER = "$(TEST_HOST)";
				CODE_SIGN_STYLE = Automatic;
				CURRENT_PROJECT_VERSION = 1;
				DEVELOPMENT_TEAM = 6TVQSAB3DR;
				GENERATE_INFOPLIST_FILE = YES;
				IPHONEOS_DEPLOYMENT_TARGET = 16.1;
				MARKETING_VERSION = 1.0;
				PRODUCT_BUNDLE_IDENTIFIER = com.secret.NaNoChatTests;
				PRODUCT_NAME = "$(TARGET_NAME)";
				SWIFT_EMIT_LOC_STRINGS = NO;
				SWIFT_VERSION = 5.0;
				TARGETED_DEVICE_FAMILY = "1,2";
				TEST_HOST = "$(BUILT_PRODUCTS_DIR)/NaNoChat.app/$(BUNDLE_EXECUTABLE_FOLDER_PATH)/NaNoChat";
			};
			name = Release;
		};
		9DADD9392919026F00FDD353 /* Debug */ = {
			isa = XCBuildConfiguration;
			buildSettings = {
				ALWAYS_EMBED_SWIFT_STANDARD_LIBRARIES = YES;
				CODE_SIGN_STYLE = Automatic;
				CURRENT_PROJECT_VERSION = 1;
				DEVELOPMENT_TEAM = 6TVQSAB3DR;
				GENERATE_INFOPLIST_FILE = YES;
				MARKETING_VERSION = 1.0;
				PRODUCT_BUNDLE_IDENTIFIER = com.secret.NaNoChatUITests;
				PRODUCT_NAME = "$(TARGET_NAME)";
				SWIFT_EMIT_LOC_STRINGS = NO;
				SWIFT_VERSION = 5.0;
				TARGETED_DEVICE_FAMILY = "1,2";
				TEST_TARGET_NAME = NaNoChat;
			};
			name = Debug;
		};
		9DADD93A2919026F00FDD353 /* Release */ = {
			isa = XCBuildConfiguration;
			buildSettings = {
				ALWAYS_EMBED_SWIFT_STANDARD_LIBRARIES = YES;
				CODE_SIGN_STYLE = Automatic;
				CURRENT_PROJECT_VERSION = 1;
				DEVELOPMENT_TEAM = 6TVQSAB3DR;
				GENERATE_INFOPLIST_FILE = YES;
				MARKETING_VERSION = 1.0;
				PRODUCT_BUNDLE_IDENTIFIER = com.secret.NaNoChatUITests;
				PRODUCT_NAME = "$(TARGET_NAME)";
				SWIFT_EMIT_LOC_STRINGS = NO;
				SWIFT_VERSION = 5.0;
				TARGETED_DEVICE_FAMILY = "1,2";
				TEST_TARGET_NAME = NaNoChat;
			};
			name = Release;
		};
/* End XCBuildConfiguration section */

/* Begin XCConfigurationList section */
		9DADD9032919026E00FDD353 /* Build configuration list for PBXProject "NaNoChat" */ = {
			isa = XCConfigurationList;
			buildConfigurations = (
				9DADD9302919026F00FDD353 /* Debug */,
				9DADD9312919026F00FDD353 /* Release */,
			);
			defaultConfigurationIsVisible = 0;
			defaultConfigurationName = Release;
		};
		9DADD9322919026F00FDD353 /* Build configuration list for PBXNativeTarget "NaNoChat" */ = {
			isa = XCConfigurationList;
			buildConfigurations = (
				9DADD9332919026F00FDD353 /* Debug */,
				9DADD9342919026F00FDD353 /* Release */,
			);
			defaultConfigurationIsVisible = 0;
			defaultConfigurationName = Release;
		};
		9DADD9352919026F00FDD353 /* Build configuration list for PBXNativeTarget "NaNoChatTests" */ = {
			isa = XCConfigurationList;
			buildConfigurations = (
				9DADD9362919026F00FDD353 /* Debug */,
				9DADD9372919026F00FDD353 /* Release */,
			);
			defaultConfigurationIsVisible = 0;
			defaultConfigurationName = Release;
		};
		9DADD9382919026F00FDD353 /* Build configuration list for PBXNativeTarget "NaNoChatUITests" */ = {
			isa = XCConfigurationList;
			buildConfigurations = (
				9DADD9392919026F00FDD353 /* Debug */,
				9DADD93A2919026F00FDD353 /* Release */,
			);
			defaultConfigurationIsVisible = 0;
			defaultConfigurationName = Release;
		};
/* End XCConfigurationList section */

/* Begin XCRemoteSwiftPackageReference section */
		9DADD93D2919037000FDD353 /* XCRemoteSwiftPackageReference "firebase-ios-sdk" */ = {
			isa = XCRemoteSwiftPackageReference;
			repositoryURL = "https://github.com/firebase/firebase-ios-sdk";
			requirement = {
				kind = upToNextMajorVersion;
				minimumVersion = 9.0.0;
			};
		};
/* End XCRemoteSwiftPackageReference section */

/* Begin XCSwiftPackageProductDependency section */
		9D398FFE292E3BDA008C7DB0 /* FirebaseMessaging */ = {
			isa = XCSwiftPackageProductDependency;
			package = 9DADD93D2919037000FDD353 /* XCRemoteSwiftPackageReference "firebase-ios-sdk" */;
			productName = FirebaseMessaging;
		};
		9DADD93E2919037100FDD353 /* FirebaseAnalytics */ = {
			isa = XCSwiftPackageProductDependency;
			package = 9DADD93D2919037000FDD353 /* XCRemoteSwiftPackageReference "firebase-ios-sdk" */;
			productName = FirebaseAnalytics;
		};
		9DADD9402919037100FDD353 /* FirebaseAuth */ = {
			isa = XCSwiftPackageProductDependency;
			package = 9DADD93D2919037000FDD353 /* XCRemoteSwiftPackageReference "firebase-ios-sdk" */;
			productName = FirebaseAuth;
		};
		9DADD9422919037100FDD353 /* FirebaseFirestore */ = {
			isa = XCSwiftPackageProductDependency;
			package = 9DADD93D2919037000FDD353 /* XCRemoteSwiftPackageReference "firebase-ios-sdk" */;
			productName = FirebaseFirestore;
		};
/* End XCSwiftPackageProductDependency section */
	};
	rootObject = 9DADD9002919026E00FDD353 /* Project object */;
}
